
Microsoft Visual Studio Solution File, Format Version 12.00
# Visual Studio Version 16
VisualStudioVersion = 16.0.31911.196
MinimumVisualStudioVersion = 10.0.40219.1
Project("{8BC9CEB8-8B4A-11D0-8D11-00A0C91BC942}") = "Unreal_Task_6", "Unreal_Task_6.vcxproj", "{D6D520B3-7316-4D37-8795-AAECACD78510}"
EndProject
Global
	GlobalSection(SolutionConfigurationPlatforms) = preSolution
		Debug|x64 = Debug|x64
		Debug|x86 = Debug|x86
		Release|x64 = Release|x64
		Release|x86 = Release|x86
	EndGlobalSection
	GlobalSection(ProjectConfigurationPlatforms) = postSolution
		{D6D520B3-7316-4D37-8795-AAECACD78510}.Debug|x64.ActiveCfg = Debug|x64
		{D6D520B3-7316-4D37-8795-AAECACD78510}.Debug|x64.Build.0 = Debug|x64
		{D6D520B3-7316-4D37-8795-AAECACD78510}.Debug|x86.ActiveCfg = Debug|Win32
		{D6D520B3-7316-4D37-8795-AAECACD78510}.Debug|x86.Build.0 = Debug|Win32
		{D6D520B3-7316-4D37-8795-AAECACD78510}.Release|x64.ActiveCfg = Release|x64
		{D6D520B3-7316-4D37-8795-AAECACD78510}.Release|x64.Build.0 = Release|x64
		{D6D520B3-7316-4D37-8795-AAECACD78510}.Release|x86.ActiveCfg = Release|Win32
		{D6D520B3-7316-4D37-8795-AAECACD78510}.Release|x86.Build.0 = Release|Win32
	EndGlobalSection
	GlobalSection(SolutionProperties) = preSolution
		HideSolutionNode = FALSE
	EndGlobalSection
	GlobalSection(ExtensibilityGlobals) = postSolution
		SolutionGuid = {C3283C32-A7FC-4EA0-829E-341CBAC43112}
	EndGlobalSection
EndGlobal
